
Microsoft Visual Studio Solution File, Format Version 12.00
# Visual Studio Version 17
VisualStudioVersion = 17.14.36717.8 d17.14
MinimumVisualStudioVersion = 10.0.40219.1
Project("{F184B08F-C81C-45F6-A57F-5ABD9991F28F}") = "mazeDemo", "mazeDemo.vbproj", "{FB72A015-84B2-4E4E-8FB4-7EF5AA0BD82E}"
EndProject
Global
	GlobalSection(SolutionConfigurationPlatforms) = preSolution
		Debug|Any CPU = Debug|Any CPU
		Release|Any CPU = Release|Any CPU
	EndGlobalSection
	GlobalSection(ProjectConfigurationPlatforms) = postSolution
		{FB72A015-84B2-4E4E-8FB4-7EF5AA0BD82E}.Debug|Any CPU.ActiveCfg = Debug|Any CPU
		{FB72A015-84B2-4E4E-8FB4-7EF5AA0BD82E}.Debug|Any CPU.Build.0 = Debug|Any CPU
		{FB72A015-84B2-4E4E-8FB4-7EF5AA0BD82E}.Release|Any CPU.ActiveCfg = Release|Any CPU
		{FB72A015-84B2-4E4E-8FB4-7EF5AA0BD82E}.Release|Any CPU.Build.0 = Release|Any CPU
	EndGlobalSection
	GlobalSection(SolutionProperties) = preSolution
		HideSolutionNode = FALSE
	EndGlobalSection
	GlobalSection(ExtensibilityGlobals) = postSolution
		SolutionGuid = {17A3F4E8-F2CC-4D14-BA15-334C5F362DB0}
	EndGlobalSection
EndGlobal
