
Microsoft Visual Studio Solution File, Format Version 12.00
# Visual Studio Version 17
VisualStudioVersion = 17.11.35222.181
MinimumVisualStudioVersion = 10.0.40219.1
Project("{F184B08F-C81C-45F6-A57F-5ABD9991F28F}") = "IterationWith2dArrays", "IterationWith2dArrays\IterationWith2dArrays.vbproj", "{BB6B273B-6BA5-4393-A383-7AF58D1387C4}"
EndProject
Global
	GlobalSection(SolutionConfigurationPlatforms) = preSolution
		Debug|Any CPU = Debug|Any CPU
		Release|Any CPU = Release|Any CPU
	EndGlobalSection
	GlobalSection(ProjectConfigurationPlatforms) = postSolution
		{BB6B273B-6BA5-4393-A383-7AF58D1387C4}.Debug|Any CPU.ActiveCfg = Debug|Any CPU
		{BB6B273B-6BA5-4393-A383-7AF58D1387C4}.Debug|Any CPU.Build.0 = Debug|Any CPU
		{BB6B273B-6BA5-4393-A383-7AF58D1387C4}.Release|Any CPU.ActiveCfg = Release|Any CPU
		{BB6B273B-6BA5-4393-A383-7AF58D1387C4}.Release|Any CPU.Build.0 = Release|Any CPU
	EndGlobalSection
	GlobalSection(SolutionProperties) = preSolution
		HideSolutionNode = FALSE
	EndGlobalSection
	GlobalSection(ExtensibilityGlobals) = postSolution
		SolutionGuid = {851F2662-C329-45CE-8966-DBDB7276A9BF}
	EndGlobalSection
EndGlobal
