
Microsoft Visual Studio Solution File, Format Version 12.00
# Visual Studio Version 17
VisualStudioVersion = 17.14.37111.16 d17.14
MinimumVisualStudioVersion = 10.0.40219.1
Project("{FAE04EC0-301F-11D3-BF4B-00C04F79EFBC}") = "trial run b4 courseworki", "trial run b4 courseworki\trial run b4 courseworki.csproj", "{4AE55A6D-68F2-476C-BCC6-2EADDEB44C44}"
EndProject
Global
	GlobalSection(SolutionConfigurationPlatforms) = preSolution
		Debug|Any CPU = Debug|Any CPU
		Release|Any CPU = Release|Any CPU
	EndGlobalSection
	GlobalSection(ProjectConfigurationPlatforms) = postSolution
		{4AE55A6D-68F2-476C-BCC6-2EADDEB44C44}.Debug|Any CPU.ActiveCfg = Debug|Any CPU
		{4AE55A6D-68F2-476C-BCC6-2EADDEB44C44}.Debug|Any CPU.Build.0 = Debug|Any CPU
		{4AE55A6D-68F2-476C-BCC6-2EADDEB44C44}.Release|Any CPU.ActiveCfg = Release|Any CPU
		{4AE55A6D-68F2-476C-BCC6-2EADDEB44C44}.Release|Any CPU.Build.0 = Release|Any CPU
	EndGlobalSection
	GlobalSection(SolutionProperties) = preSolution
		HideSolutionNode = FALSE
	EndGlobalSection
	GlobalSection(ExtensibilityGlobals) = postSolution
		SolutionGuid = {75CAAB0F-678F-46D8-8ED4-017E99EEFBFD}
	EndGlobalSection
EndGlobal
